
Microsoft Visual Studio Solution File, Format Version 12.00
# Visual Studio Version 17
VisualStudioVersion = 17.3.32929.385
MinimumVisualStudioVersion = 10.0.40219.1
Project("{2150E333-8FDC-42A3-9474-1A3956D46DE8}") = "Solution Items", "Solution Items", "{E507B0D8-DAE4-4F3D-8ADC-A713CD9469BC}"
	ProjectSection(SolutionItems) = preProject
		.editorconfig = .editorconfig
	EndProjectSection
EndProject
Project("{9A19103F-16F7-4668-BE54-9A1E7A4F7556}") = "PictureManager.Common", "src\Common\PictureManager.Common.csproj", "{6AF68B0B-88C0-47FB-A8A3-9724B7CBC091}"
EndProject
Project("{9A19103F-16F7-4668-BE54-9A1E7A4F7556}") = "PictureManager.Windows.WPF", "src\Windows\WPF\PictureManager.Windows.WPF.csproj", "{D79C1500-2313-4FBF-99C4-089E40E7720A}"
EndProject
Project("{9A19103F-16F7-4668-BE54-9A1E7A4F7556}") = "MH.UI", "libs\MH\Common\MH.UI\MH.UI.csproj", "{76A25DE1-1570-4C2C-AC06-DBA34CEC6A94}"
EndProject
Project("{9A19103F-16F7-4668-BE54-9A1E7A4F7556}") = "MH.Utils", "libs\MH\Common\MH.Utils\MH.Utils.csproj", "{6A8464C1-9B2E-4FC2-9676-53A388674635}"
EndProject
Project("{9A19103F-16F7-4668-BE54-9A1E7A4F7556}") = "MH.UI.WPF", "libs\MH\Windows\WPF\MH.UI.WPF\MH.UI.WPF.csproj", "{0F822793-8F26-4A1C-822D-2DF480FFB10F}"
EndProject
Global
	GlobalSection(SolutionConfigurationPlatforms) = preSolution
		Debug|Any CPU = Debug|Any CPU
		Release|Any CPU = Release|Any CPU
	EndGlobalSection
	GlobalSection(ProjectConfigurationPlatforms) = postSolution
		{6AF68B0B-88C0-47FB-A8A3-9724B7CBC091}.Debug|Any CPU.ActiveCfg = Debug|Any CPU
		{6AF68B0B-88C0-47FB-A8A3-9724B7CBC091}.Debug|Any CPU.Build.0 = Debug|Any CPU
		{6AF68B0B-88C0-47FB-A8A3-9724B7CBC091}.Release|Any CPU.ActiveCfg = Release|Any CPU
		{6AF68B0B-88C0-47FB-A8A3-9724B7CBC091}.Release|Any CPU.Build.0 = Release|Any CPU
		{D79C1500-2313-4FBF-99C4-089E40E7720A}.Debug|Any CPU.ActiveCfg = Debug|Any CPU
		{D79C1500-2313-4FBF-99C4-089E40E7720A}.Debug|Any CPU.Build.0 = Debug|Any CPU
		{D79C1500-2313-4FBF-99C4-089E40E7720A}.Release|Any CPU.ActiveCfg = Release|Any CPU
		{D79C1500-2313-4FBF-99C4-089E40E7720A}.Release|Any CPU.Build.0 = Release|Any CPU
		{76A25DE1-1570-4C2C-AC06-DBA34CEC6A94}.Debug|Any CPU.ActiveCfg = Debug|Any CPU
		{76A25DE1-1570-4C2C-AC06-DBA34CEC6A94}.Debug|Any CPU.Build.0 = Debug|Any CPU
		{76A25DE1-1570-4C2C-AC06-DBA34CEC6A94}.Release|Any CPU.ActiveCfg = Release|Any CPU
		{76A25DE1-1570-4C2C-AC06-DBA34CEC6A94}.Release|Any CPU.Build.0 = Release|Any CPU
		{6A8464C1-9B2E-4FC2-9676-53A388674635}.Debug|Any CPU.ActiveCfg = Debug|Any CPU
		{6A8464C1-9B2E-4FC2-9676-53A388674635}.Debug|Any CPU.Build.0 = Debug|Any CPU
		{6A8464C1-9B2E-4FC2-9676-53A388674635}.Release|Any CPU.ActiveCfg = Release|Any CPU
		{6A8464C1-9B2E-4FC2-9676-53A388674635}.Release|Any CPU.Build.0 = Release|Any CPU
		{0F822793-8F26-4A1C-822D-2DF480FFB10F}.Debug|Any CPU.ActiveCfg = Debug|Any CPU
		{0F822793-8F26-4A1C-822D-2DF480FFB10F}.Debug|Any CPU.Build.0 = Debug|Any CPU
		{0F822793-8F26-4A1C-822D-2DF480FFB10F}.Release|Any CPU.ActiveCfg = Release|Any CPU
		{0F822793-8F26-4A1C-822D-2DF480FFB10F}.Release|Any CPU.Build.0 = Release|Any CPU
	EndGlobalSection
	GlobalSection(SolutionProperties) = preSolution
		HideSolutionNode = FALSE
	EndGlobalSection
	GlobalSection(ExtensibilityGlobals) = postSolution
		SolutionGuid = {C456C484-3702-4A0E-9458-46475FC39272}
	EndGlobalSection
EndGlobal
