
Microsoft Visual Studio Solution File, Format Version 12.00
# Visual Studio Version 17
VisualStudioVersion = 17.3.32929.385
MinimumVisualStudioVersion = 10.0.40219.1
Project("{2150E333-8FDC-42A3-9474-1A3956D46DE8}") = "Solution Items", "Solution Items", "{E507B0D8-DAE4-4F3D-8ADC-A713CD9469BC}"
	ProjectSection(SolutionItems) = preProject
		.editorconfig = .editorconfig
	EndProjectSection
EndProject
Project("{2150E333-8FDC-42A3-9474-1A3956D46DE8}") = "Plugins", "Plugins", "{E72BD25C-CE27-4839-9FB4-9E073F75A6F1}"
EndProject
Project("{9A19103F-16F7-4668-BE54-9A1E7A4F7556}") = "MovieManager.Common", "..\MovieManager\src\MovieManager.Common\MovieManager.Common.csproj", "{C57C05D4-3CA5-42DE-AA13-BCDC3A15FB36}"
EndProject
Project("{9A19103F-16F7-4668-BE54-9A1E7A4F7556}") = "MovieManager.Windows.WPF", "..\MovieManager\src\MovieManager.Windows.WPF\MovieManager.Windows.WPF.csproj", "{DED6E1C3-238F-4B9E-BB10-3DD80519B4E6}"
EndProject
Project("{9A19103F-16F7-4668-BE54-9A1E7A4F7556}") = "PictureManager.Common", "src\PictureManager.Common\PictureManager.Common.csproj", "{B55BDA55-4B8C-4660-AA3E-5C5A846873BE}"
EndProject
Project("{9A19103F-16F7-4668-BE54-9A1E7A4F7556}") = "PictureManager.Windows.WPF", "src\PictureManager.Windows.WPF\PictureManager.Windows.WPF.csproj", "{B8FC45F5-F582-4B0F-BF72-0166841061D5}"
EndProject
Project("{9A19103F-16F7-4668-BE54-9A1E7A4F7556}") = "MovieManager.Plugins.Common", "..\MovieManager\plugins\src\MovieManager.Plugins.Common\MovieManager.Plugins.Common.csproj", "{E9CFB1C4-8155-4D4F-AFF6-9309290A74FC}"
EndProject
Project("{9A19103F-16F7-4668-BE54-9A1E7A4F7556}") = "MovieManager.Plugins.IMDbCom", "..\MovieManager\plugins\src\MovieManager.Plugins.IMDbCom\MovieManager.Plugins.IMDbCom.csproj", "{962A7AA4-9675-4B5D-8288-A0363CD49F85}"
EndProject
Project("{9A19103F-16F7-4668-BE54-9A1E7A4F7556}") = "MovieManager.Plugins.FDbCz", "..\MovieManager\plugins\src\MovieManager.Plugins.FDbCz\MovieManager.Plugins.FDbCz.csproj", "{3BD81866-D369-4CC6-BA47-42B214643AD6}"
EndProject
Project("{9A19103F-16F7-4668-BE54-9A1E7A4F7556}") = "MH.Utils", "..\MH.Utils\src\MH.Utils\MH.Utils.csproj", "{F5C41C04-3568-44B5-A734-9804D6A1211A}"
EndProject
Project("{9A19103F-16F7-4668-BE54-9A1E7A4F7556}") = "MH.UI", "..\MH.UI\src\MH.UI\MH.UI.csproj", "{B1B2F375-5E46-4A7D-BDAE-C3D095DA130E}"
EndProject
Project("{9A19103F-16F7-4668-BE54-9A1E7A4F7556}") = "MH.UI.WPF", "..\MH.UI.WPF\src\MH.UI.WPF\MH.UI.WPF.csproj", "{23E39C08-1A89-45F9-B625-AC20EF06895C}"
EndProject
Project("{9A19103F-16F7-4668-BE54-9A1E7A4F7556}") = "MH.UI.WPF.Sample", "..\MH.UI.WPF\src\MH.UI.WPF.Sample\MH.UI.WPF.Sample.csproj", "{4E8EAD5C-391E-4E51-9F45-49226415358B}"
EndProject
Project("{9A19103F-16F7-4668-BE54-9A1E7A4F7556}") = "MH.Utils.Tests", "..\MH.Utils\tests\MH.Utils.Tests\MH.Utils.Tests.csproj", "{862BC4F2-E4EF-4B1C-B673-05F859CDC0AB}"
EndProject
Project("{2150E333-8FDC-42A3-9474-1A3956D46DE8}") = "Tests", "Tests", "{545D2C43-6A5C-4686-B6C5-1251F05BD502}"
EndProject
Project("{2150E333-8FDC-42A3-9474-1A3956D46DE8}") = "Avalonia", "Avalonia", "{32D4868E-3E98-4405-85A4-CD461254D8F9}"
EndProject
Project("{9A19103F-16F7-4668-BE54-9A1E7A4F7556}") = "MH.UI.AvaloniaUI", "..\MH.UI.AvaloniaUI\src\MH.UI.AvaloniaUI\MH.UI.AvaloniaUI.csproj", "{2DFBCE71-594F-4229-B75A-D7007E062720}"
EndProject
Project("{9A19103F-16F7-4668-BE54-9A1E7A4F7556}") = "MH.UI.AvaloniaUI.Sample", "..\MH.UI.AvaloniaUI\src\MH.UI.AvaloniaUI.Sample\MH.UI.AvaloniaUI.Sample.csproj", "{93F8DF49-D705-4CCA-B9C2-2ECAD61EC49B}"
EndProject
Project("{9A19103F-16F7-4668-BE54-9A1E7A4F7556}") = "MH.UI.AvaloniaUI.Sample.Android", "..\MH.UI.AvaloniaUI\src\MH.UI.AvaloniaUI.Sample.Android\MH.UI.AvaloniaUI.Sample.Android.csproj", "{1E8CA25F-2DED-48F5-9839-BE0173920EBE}"
EndProject
Project("{9A19103F-16F7-4668-BE54-9A1E7A4F7556}") = "MH.UI.AvaloniaUI.Sample.Browser", "..\MH.UI.AvaloniaUI\src\MH.UI.AvaloniaUI.Sample.Browser\MH.UI.AvaloniaUI.Sample.Browser.csproj", "{7997854C-15A1-47DB-9718-6C69746EA82F}"
EndProject
Project("{9A19103F-16F7-4668-BE54-9A1E7A4F7556}") = "MH.UI.AvaloniaUI.Sample.Desktop", "..\MH.UI.AvaloniaUI\src\MH.UI.AvaloniaUI.Sample.Desktop\MH.UI.AvaloniaUI.Sample.Desktop.csproj", "{5BBFACF5-07FD-46F2-B58C-BB3C934ECAAC}"
EndProject
Project("{9A19103F-16F7-4668-BE54-9A1E7A4F7556}") = "PictureManager.AvaloniaUI", "src\PictureManager.AvaloniaUI\PictureManager.AvaloniaUI.csproj", "{8AEABE3E-8E08-4766-AA27-2E85FACD87AC}"
EndProject
Project("{9A19103F-16F7-4668-BE54-9A1E7A4F7556}") = "PictureManager.AvaloniaUI.Android", "src\PictureManager.AvaloniaUI.Android\PictureManager.AvaloniaUI.Android.csproj", "{87290607-EB1E-4C9D-9CC8-4476E152574A}"
EndProject
Project("{9A19103F-16F7-4668-BE54-9A1E7A4F7556}") = "PictureManager.AvaloniaUI.Browser", "src\PictureManager.AvaloniaUI.Browser\PictureManager.AvaloniaUI.Browser.csproj", "{DDC1461C-A316-4902-8797-E7D82F1C92C2}"
EndProject
Project("{9A19103F-16F7-4668-BE54-9A1E7A4F7556}") = "PictureManager.AvaloniaUI.Desktop", "src\PictureManager.AvaloniaUI.Desktop\PictureManager.AvaloniaUI.Desktop.csproj", "{46BC966A-9CF7-4DA6-8973-55E3E53AC5AE}"
EndProject
Project("{2150E333-8FDC-42A3-9474-1A3956D46DE8}") = "MAUI", "MAUI", "{04489DBA-F59F-4C50-B1FB-DABD7ACAD688}"
EndProject
Project("{9A19103F-16F7-4668-BE54-9A1E7A4F7556}") = "MH.UI.MAUI.Sample", "..\MH.UI.MAUI\src\MH.UI.MAUI.Sample\MH.UI.MAUI.Sample.csproj", "{A8CA4D5B-DC31-46E9-9935-AA08DCB6F623}"
EndProject
Project("{9A19103F-16F7-4668-BE54-9A1E7A4F7556}") = "MH.UI.MAUI.Sample.Droid", "..\MH.UI.MAUI\src\MH.UI.MAUI.Sample.Droid\MH.UI.MAUI.Sample.Droid.csproj", "{B74876E9-4A8B-4358-B431-037603E166F7}"
EndProject
Project("{9A19103F-16F7-4668-BE54-9A1E7A4F7556}") = "MH.UI.MAUI.Sample.WinUI", "..\MH.UI.MAUI\src\MH.UI.MAUI.Sample.WinUI\MH.UI.MAUI.Sample.WinUI.csproj", "{C7D3A93F-3A9D-482C-8AF8-89080A192F00}"
EndProject
Project("{9A19103F-16F7-4668-BE54-9A1E7A4F7556}") = "MH.UI.MAUI", "..\MH.UI.MAUI\src\MH.UI.MAUI\MH.UI.MAUI.csproj", "{4C91AB93-DF40-4271-B4C5-4B5C4B03D26C}"
EndProject
Project("{9A19103F-16F7-4668-BE54-9A1E7A4F7556}") = "MH.UI.MAUI.Droid", "..\MH.UI.MAUI\src\MH.UI.MAUI.Droid\MH.UI.MAUI.Droid.csproj", "{63962C33-BC4E-45B3-BD3F-070CDEA36FF4}"
EndProject
Project("{9A19103F-16F7-4668-BE54-9A1E7A4F7556}") = "MH.UI.MAUI.WinUI", "..\MH.UI.MAUI\src\MH.UI.MAUI.WinUI\MH.UI.MAUI.WinUI.csproj", "{B5F6E56C-9488-43CA-821A-C98ADB6A7C85}"
EndProject
Project("{2150E333-8FDC-42A3-9474-1A3956D46DE8}") = "Sample", "Sample", "{F6089B6B-FCFB-4764-8DF9-E869A1EF9E50}"
EndProject
Project("{FAE04EC0-301F-11D3-BF4B-00C04F79EFBC}") = "MH.UI.Sample", "..\MH.UI\src\MH.UI.Sample\MH.UI.Sample.csproj", "{17616598-FDD2-49BC-A6A4-E5353F3FA9DF}"
EndProject
Project("{2150E333-8FDC-42A3-9474-1A3956D46DE8}") = "PictureManager", "PictureManager", "{02EA681E-C7D8-13C7-8484-4AC65E1B71E8}"
EndProject
Project("{FAE04EC0-301F-11D3-BF4B-00C04F79EFBC}") = "PictureManager.MAUI", "src\PictureManager.MAUI\PictureManager.MAUI.csproj", "{CFAAA1D0-76B8-9D10-E5C7-FE953FE24B7F}"
EndProject
Project("{FAE04EC0-301F-11D3-BF4B-00C04F79EFBC}") = "PictureManager.MAUI.Droid", "src\PictureManager.MAUI.Droid\PictureManager.MAUI.Droid.csproj", "{0A50FB38-9153-D458-71FF-4CBE590EB488}"
EndProject
Project("{FAE04EC0-301F-11D3-BF4B-00C04F79EFBC}") = "MH.UI.Android", "..\MH.UI.Android\src\MH.UI.Android\MH.UI.Android.csproj", "{94899FC4-D415-1C0E-E35C-D27F190EE0F5}"
EndProject
Project("{FAE04EC0-301F-11D3-BF4B-00C04F79EFBC}") = "PictureManager.Android", "src\PictureManager.Android\PictureManager.Android.csproj", "{7AD37A75-16EE-4D9F-A8EC-BB693409CB67}"
EndProject
Global
	GlobalSection(SolutionConfigurationPlatforms) = preSolution
		Debug|Any CPU = Debug|Any CPU
		Debug|ARM64 = Debug|ARM64
		Debug|x64 = Debug|x64
		Debug|x86 = Debug|x86
		Release|Any CPU = Release|Any CPU
		Release|ARM64 = Release|ARM64
		Release|x64 = Release|x64
		Release|x86 = Release|x86
	EndGlobalSection
	GlobalSection(ProjectConfigurationPlatforms) = postSolution
		{C57C05D4-3CA5-42DE-AA13-BCDC3A15FB36}.Debug|Any CPU.ActiveCfg = Debug|Any CPU
		{C57C05D4-3CA5-42DE-AA13-BCDC3A15FB36}.Debug|Any CPU.Build.0 = Debug|Any CPU
		{C57C05D4-3CA5-42DE-AA13-BCDC3A15FB36}.Debug|ARM64.ActiveCfg = Debug|Any CPU
		{C57C05D4-3CA5-42DE-AA13-BCDC3A15FB36}.Debug|ARM64.Build.0 = Debug|Any CPU
		{C57C05D4-3CA5-42DE-AA13-BCDC3A15FB36}.Debug|x64.ActiveCfg = Debug|Any CPU
		{C57C05D4-3CA5-42DE-AA13-BCDC3A15FB36}.Debug|x64.Build.0 = Debug|Any CPU
		{C57C05D4-3CA5-42DE-AA13-BCDC3A15FB36}.Debug|x86.ActiveCfg = Debug|Any CPU
		{C57C05D4-3CA5-42DE-AA13-BCDC3A15FB36}.Debug|x86.Build.0 = Debug|Any CPU
		{C57C05D4-3CA5-42DE-AA13-BCDC3A15FB36}.Release|Any CPU.ActiveCfg = Release|Any CPU
		{C57C05D4-3CA5-42DE-AA13-BCDC3A15FB36}.Release|Any CPU.Build.0 = Release|Any CPU
		{C57C05D4-3CA5-42DE-AA13-BCDC3A15FB36}.Release|ARM64.ActiveCfg = Release|Any CPU
		{C57C05D4-3CA5-42DE-AA13-BCDC3A15FB36}.Release|ARM64.Build.0 = Release|Any CPU
		{C57C05D4-3CA5-42DE-AA13-BCDC3A15FB36}.Release|x64.ActiveCfg = Release|Any CPU
		{C57C05D4-3CA5-42DE-AA13-BCDC3A15FB36}.Release|x64.Build.0 = Release|Any CPU
		{C57C05D4-3CA5-42DE-AA13-BCDC3A15FB36}.Release|x86.ActiveCfg = Release|Any CPU
		{C57C05D4-3CA5-42DE-AA13-BCDC3A15FB36}.Release|x86.Build.0 = Release|Any CPU
		{DED6E1C3-238F-4B9E-BB10-3DD80519B4E6}.Debug|Any CPU.ActiveCfg = Debug|Any CPU
		{DED6E1C3-238F-4B9E-BB10-3DD80519B4E6}.Debug|Any CPU.Build.0 = Debug|Any CPU
		{DED6E1C3-238F-4B9E-BB10-3DD80519B4E6}.Debug|ARM64.ActiveCfg = Debug|Any CPU
		{DED6E1C3-238F-4B9E-BB10-3DD80519B4E6}.Debug|ARM64.Build.0 = Debug|Any CPU
		{DED6E1C3-238F-4B9E-BB10-3DD80519B4E6}.Debug|x64.ActiveCfg = Debug|Any CPU
		{DED6E1C3-238F-4B9E-BB10-3DD80519B4E6}.Debug|x64.Build.0 = Debug|Any CPU
		{DED6E1C3-238F-4B9E-BB10-3DD80519B4E6}.Debug|x86.ActiveCfg = Debug|Any CPU
		{DED6E1C3-238F-4B9E-BB10-3DD80519B4E6}.Debug|x86.Build.0 = Debug|Any CPU
		{DED6E1C3-238F-4B9E-BB10-3DD80519B4E6}.Release|Any CPU.ActiveCfg = Release|Any CPU
		{DED6E1C3-238F-4B9E-BB10-3DD80519B4E6}.Release|Any CPU.Build.0 = Release|Any CPU
		{DED6E1C3-238F-4B9E-BB10-3DD80519B4E6}.Release|ARM64.ActiveCfg = Release|Any CPU
		{DED6E1C3-238F-4B9E-BB10-3DD80519B4E6}.Release|ARM64.Build.0 = Release|Any CPU
		{DED6E1C3-238F-4B9E-BB10-3DD80519B4E6}.Release|x64.ActiveCfg = Release|Any CPU
		{DED6E1C3-238F-4B9E-BB10-3DD80519B4E6}.Release|x64.Build.0 = Release|Any CPU
		{DED6E1C3-238F-4B9E-BB10-3DD80519B4E6}.Release|x86.ActiveCfg = Release|Any CPU
		{DED6E1C3-238F-4B9E-BB10-3DD80519B4E6}.Release|x86.Build.0 = Release|Any CPU
		{B55BDA55-4B8C-4660-AA3E-5C5A846873BE}.Debug|Any CPU.ActiveCfg = Debug|Any CPU
		{B55BDA55-4B8C-4660-AA3E-5C5A846873BE}.Debug|Any CPU.Build.0 = Debug|Any CPU
		{B55BDA55-4B8C-4660-AA3E-5C5A846873BE}.Debug|ARM64.ActiveCfg = Debug|Any CPU
		{B55BDA55-4B8C-4660-AA3E-5C5A846873BE}.Debug|ARM64.Build.0 = Debug|Any CPU
		{B55BDA55-4B8C-4660-AA3E-5C5A846873BE}.Debug|x64.ActiveCfg = Debug|Any CPU
		{B55BDA55-4B8C-4660-AA3E-5C5A846873BE}.Debug|x64.Build.0 = Debug|Any CPU
		{B55BDA55-4B8C-4660-AA3E-5C5A846873BE}.Debug|x86.ActiveCfg = Debug|Any CPU
		{B55BDA55-4B8C-4660-AA3E-5C5A846873BE}.Debug|x86.Build.0 = Debug|Any CPU
		{B55BDA55-4B8C-4660-AA3E-5C5A846873BE}.Release|Any CPU.ActiveCfg = Release|Any CPU
		{B55BDA55-4B8C-4660-AA3E-5C5A846873BE}.Release|Any CPU.Build.0 = Release|Any CPU
		{B55BDA55-4B8C-4660-AA3E-5C5A846873BE}.Release|ARM64.ActiveCfg = Release|Any CPU
		{B55BDA55-4B8C-4660-AA3E-5C5A846873BE}.Release|ARM64.Build.0 = Release|Any CPU
		{B55BDA55-4B8C-4660-AA3E-5C5A846873BE}.Release|x64.ActiveCfg = Release|Any CPU
		{B55BDA55-4B8C-4660-AA3E-5C5A846873BE}.Release|x64.Build.0 = Release|Any CPU
		{B55BDA55-4B8C-4660-AA3E-5C5A846873BE}.Release|x86.ActiveCfg = Release|Any CPU
		{B55BDA55-4B8C-4660-AA3E-5C5A846873BE}.Release|x86.Build.0 = Release|Any CPU
		{B8FC45F5-F582-4B0F-BF72-0166841061D5}.Debug|Any CPU.ActiveCfg = Debug|Any CPU
		{B8FC45F5-F582-4B0F-BF72-0166841061D5}.Debug|Any CPU.Build.0 = Debug|Any CPU
		{B8FC45F5-F582-4B0F-BF72-0166841061D5}.Debug|ARM64.ActiveCfg = Debug|Any CPU
		{B8FC45F5-F582-4B0F-BF72-0166841061D5}.Debug|ARM64.Build.0 = Debug|Any CPU
		{B8FC45F5-F582-4B0F-BF72-0166841061D5}.Debug|x64.ActiveCfg = Debug|Any CPU
		{B8FC45F5-F582-4B0F-BF72-0166841061D5}.Debug|x64.Build.0 = Debug|Any CPU
		{B8FC45F5-F582-4B0F-BF72-0166841061D5}.Debug|x86.ActiveCfg = Debug|Any CPU
		{B8FC45F5-F582-4B0F-BF72-0166841061D5}.Debug|x86.Build.0 = Debug|Any CPU
		{B8FC45F5-F582-4B0F-BF72-0166841061D5}.Release|Any CPU.ActiveCfg = Release|Any CPU
		{B8FC45F5-F582-4B0F-BF72-0166841061D5}.Release|Any CPU.Build.0 = Release|Any CPU
		{B8FC45F5-F582-4B0F-BF72-0166841061D5}.Release|ARM64.ActiveCfg = Release|Any CPU
		{B8FC45F5-F582-4B0F-BF72-0166841061D5}.Release|ARM64.Build.0 = Release|Any CPU
		{B8FC45F5-F582-4B0F-BF72-0166841061D5}.Release|x64.ActiveCfg = Release|Any CPU
		{B8FC45F5-F582-4B0F-BF72-0166841061D5}.Release|x64.Build.0 = Release|Any CPU
		{B8FC45F5-F582-4B0F-BF72-0166841061D5}.Release|x86.ActiveCfg = Release|Any CPU
		{B8FC45F5-F582-4B0F-BF72-0166841061D5}.Release|x86.Build.0 = Release|Any CPU
		{E9CFB1C4-8155-4D4F-AFF6-9309290A74FC}.Debug|Any CPU.ActiveCfg = Debug|Any CPU
		{E9CFB1C4-8155-4D4F-AFF6-9309290A74FC}.Debug|Any CPU.Build.0 = Debug|Any CPU
		{E9CFB1C4-8155-4D4F-AFF6-9309290A74FC}.Debug|ARM64.ActiveCfg = Debug|Any CPU
		{E9CFB1C4-8155-4D4F-AFF6-9309290A74FC}.Debug|ARM64.Build.0 = Debug|Any CPU
		{E9CFB1C4-8155-4D4F-AFF6-9309290A74FC}.Debug|x64.ActiveCfg = Debug|Any CPU
		{E9CFB1C4-8155-4D4F-AFF6-9309290A74FC}.Debug|x64.Build.0 = Debug|Any CPU
		{E9CFB1C4-8155-4D4F-AFF6-9309290A74FC}.Debug|x86.ActiveCfg = Debug|Any CPU
		{E9CFB1C4-8155-4D4F-AFF6-9309290A74FC}.Debug|x86.Build.0 = Debug|Any CPU
		{E9CFB1C4-8155-4D4F-AFF6-9309290A74FC}.Release|Any CPU.ActiveCfg = Release|Any CPU
		{E9CFB1C4-8155-4D4F-AFF6-9309290A74FC}.Release|Any CPU.Build.0 = Release|Any CPU
		{E9CFB1C4-8155-4D4F-AFF6-9309290A74FC}.Release|ARM64.ActiveCfg = Release|Any CPU
		{E9CFB1C4-8155-4D4F-AFF6-9309290A74FC}.Release|ARM64.Build.0 = Release|Any CPU
		{E9CFB1C4-8155-4D4F-AFF6-9309290A74FC}.Release|x64.ActiveCfg = Release|Any CPU
		{E9CFB1C4-8155-4D4F-AFF6-9309290A74FC}.Release|x64.Build.0 = Release|Any CPU
		{E9CFB1C4-8155-4D4F-AFF6-9309290A74FC}.Release|x86.ActiveCfg = Release|Any CPU
		{E9CFB1C4-8155-4D4F-AFF6-9309290A74FC}.Release|x86.Build.0 = Release|Any CPU
		{962A7AA4-9675-4B5D-8288-A0363CD49F85}.Debug|Any CPU.ActiveCfg = Debug|Any CPU
		{962A7AA4-9675-4B5D-8288-A0363CD49F85}.Debug|Any CPU.Build.0 = Debug|Any CPU
		{962A7AA4-9675-4B5D-8288-A0363CD49F85}.Debug|ARM64.ActiveCfg = Debug|Any CPU
		{962A7AA4-9675-4B5D-8288-A0363CD49F85}.Debug|ARM64.Build.0 = Debug|Any CPU
		{962A7AA4-9675-4B5D-8288-A0363CD49F85}.Debug|x64.ActiveCfg = Debug|Any CPU
		{962A7AA4-9675-4B5D-8288-A0363CD49F85}.Debug|x64.Build.0 = Debug|Any CPU
		{962A7AA4-9675-4B5D-8288-A0363CD49F85}.Debug|x86.ActiveCfg = Debug|Any CPU
		{962A7AA4-9675-4B5D-8288-A0363CD49F85}.Debug|x86.Build.0 = Debug|Any CPU
		{962A7AA4-9675-4B5D-8288-A0363CD49F85}.Release|Any CPU.ActiveCfg = Release|Any CPU
		{962A7AA4-9675-4B5D-8288-A0363CD49F85}.Release|Any CPU.Build.0 = Release|Any CPU
		{962A7AA4-9675-4B5D-8288-A0363CD49F85}.Release|ARM64.ActiveCfg = Release|Any CPU
		{962A7AA4-9675-4B5D-8288-A0363CD49F85}.Release|ARM64.Build.0 = Release|Any CPU
		{962A7AA4-9675-4B5D-8288-A0363CD49F85}.Release|x64.ActiveCfg = Release|Any CPU
		{962A7AA4-9675-4B5D-8288-A0363CD49F85}.Release|x64.Build.0 = Release|Any CPU
		{962A7AA4-9675-4B5D-8288-A0363CD49F85}.Release|x86.ActiveCfg = Release|Any CPU
		{962A7AA4-9675-4B5D-8288-A0363CD49F85}.Release|x86.Build.0 = Release|Any CPU
		{3BD81866-D369-4CC6-BA47-42B214643AD6}.Debug|Any CPU.ActiveCfg = Debug|Any CPU
		{3BD81866-D369-4CC6-BA47-42B214643AD6}.Debug|Any CPU.Build.0 = Debug|Any CPU
		{3BD81866-D369-4CC6-BA47-42B214643AD6}.Debug|ARM64.ActiveCfg = Debug|Any CPU
		{3BD81866-D369-4CC6-BA47-42B214643AD6}.Debug|ARM64.Build.0 = Debug|Any CPU
		{3BD81866-D369-4CC6-BA47-42B214643AD6}.Debug|x64.ActiveCfg = Debug|Any CPU
		{3BD81866-D369-4CC6-BA47-42B214643AD6}.Debug|x64.Build.0 = Debug|Any CPU
		{3BD81866-D369-4CC6-BA47-42B214643AD6}.Debug|x86.ActiveCfg = Debug|Any CPU
		{3BD81866-D369-4CC6-BA47-42B214643AD6}.Debug|x86.Build.0 = Debug|Any CPU
		{3BD81866-D369-4CC6-BA47-42B214643AD6}.Release|Any CPU.ActiveCfg = Release|Any CPU
		{3BD81866-D369-4CC6-BA47-42B214643AD6}.Release|Any CPU.Build.0 = Release|Any CPU
		{3BD81866-D369-4CC6-BA47-42B214643AD6}.Release|ARM64.ActiveCfg = Release|Any CPU
		{3BD81866-D369-4CC6-BA47-42B214643AD6}.Release|ARM64.Build.0 = Release|Any CPU
		{3BD81866-D369-4CC6-BA47-42B214643AD6}.Release|x64.ActiveCfg = Release|Any CPU
		{3BD81866-D369-4CC6-BA47-42B214643AD6}.Release|x64.Build.0 = Release|Any CPU
		{3BD81866-D369-4CC6-BA47-42B214643AD6}.Release|x86.ActiveCfg = Release|Any CPU
		{3BD81866-D369-4CC6-BA47-42B214643AD6}.Release|x86.Build.0 = Release|Any CPU
		{F5C41C04-3568-44B5-A734-9804D6A1211A}.Debug|Any CPU.ActiveCfg = Debug|Any CPU
		{F5C41C04-3568-44B5-A734-9804D6A1211A}.Debug|Any CPU.Build.0 = Debug|Any CPU
		{F5C41C04-3568-44B5-A734-9804D6A1211A}.Debug|ARM64.ActiveCfg = Debug|Any CPU
		{F5C41C04-3568-44B5-A734-9804D6A1211A}.Debug|ARM64.Build.0 = Debug|Any CPU
		{F5C41C04-3568-44B5-A734-9804D6A1211A}.Debug|x64.ActiveCfg = Debug|Any CPU
		{F5C41C04-3568-44B5-A734-9804D6A1211A}.Debug|x64.Build.0 = Debug|Any CPU
		{F5C41C04-3568-44B5-A734-9804D6A1211A}.Debug|x86.ActiveCfg = Debug|Any CPU
		{F5C41C04-3568-44B5-A734-9804D6A1211A}.Debug|x86.Build.0 = Debug|Any CPU
		{F5C41C04-3568-44B5-A734-9804D6A1211A}.Release|Any CPU.ActiveCfg = Release|Any CPU
		{F5C41C04-3568-44B5-A734-9804D6A1211A}.Release|Any CPU.Build.0 = Release|Any CPU
		{F5C41C04-3568-44B5-A734-9804D6A1211A}.Release|ARM64.ActiveCfg = Release|Any CPU
		{F5C41C04-3568-44B5-A734-9804D6A1211A}.Release|ARM64.Build.0 = Release|Any CPU
		{F5C41C04-3568-44B5-A734-9804D6A1211A}.Release|x64.ActiveCfg = Release|Any CPU
		{F5C41C04-3568-44B5-A734-9804D6A1211A}.Release|x64.Build.0 = Release|Any CPU
		{F5C41C04-3568-44B5-A734-9804D6A1211A}.Release|x86.ActiveCfg = Release|Any CPU
		{F5C41C04-3568-44B5-A734-9804D6A1211A}.Release|x86.Build.0 = Release|Any CPU
		{B1B2F375-5E46-4A7D-BDAE-C3D095DA130E}.Debug|Any CPU.ActiveCfg = Debug|Any CPU
		{B1B2F375-5E46-4A7D-BDAE-C3D095DA130E}.Debug|Any CPU.Build.0 = Debug|Any CPU
		{B1B2F375-5E46-4A7D-BDAE-C3D095DA130E}.Debug|ARM64.ActiveCfg = Debug|Any CPU
		{B1B2F375-5E46-4A7D-BDAE-C3D095DA130E}.Debug|ARM64.Build.0 = Debug|Any CPU
		{B1B2F375-5E46-4A7D-BDAE-C3D095DA130E}.Debug|x64.ActiveCfg = Debug|Any CPU
		{B1B2F375-5E46-4A7D-BDAE-C3D095DA130E}.Debug|x64.Build.0 = Debug|Any CPU
		{B1B2F375-5E46-4A7D-BDAE-C3D095DA130E}.Debug|x86.ActiveCfg = Debug|Any CPU
		{B1B2F375-5E46-4A7D-BDAE-C3D095DA130E}.Debug|x86.Build.0 = Debug|Any CPU
		{B1B2F375-5E46-4A7D-BDAE-C3D095DA130E}.Release|Any CPU.ActiveCfg = Release|Any CPU
		{B1B2F375-5E46-4A7D-BDAE-C3D095DA130E}.Release|Any CPU.Build.0 = Release|Any CPU
		{B1B2F375-5E46-4A7D-BDAE-C3D095DA130E}.Release|ARM64.ActiveCfg = Release|Any CPU
		{B1B2F375-5E46-4A7D-BDAE-C3D095DA130E}.Release|ARM64.Build.0 = Release|Any CPU
		{B1B2F375-5E46-4A7D-BDAE-C3D095DA130E}.Release|x64.ActiveCfg = Release|Any CPU
		{B1B2F375-5E46-4A7D-BDAE-C3D095DA130E}.Release|x64.Build.0 = Release|Any CPU
		{B1B2F375-5E46-4A7D-BDAE-C3D095DA130E}.Release|x86.ActiveCfg = Release|Any CPU
		{B1B2F375-5E46-4A7D-BDAE-C3D095DA130E}.Release|x86.Build.0 = Release|Any CPU
		{23E39C08-1A89-45F9-B625-AC20EF06895C}.Debug|Any CPU.ActiveCfg = Debug|Any CPU
		{23E39C08-1A89-45F9-B625-AC20EF06895C}.Debug|Any CPU.Build.0 = Debug|Any CPU
		{23E39C08-1A89-45F9-B625-AC20EF06895C}.Debug|ARM64.ActiveCfg = Debug|Any CPU
		{23E39C08-1A89-45F9-B625-AC20EF06895C}.Debug|ARM64.Build.0 = Debug|Any CPU
		{23E39C08-1A89-45F9-B625-AC20EF06895C}.Debug|x64.ActiveCfg = Debug|Any CPU
		{23E39C08-1A89-45F9-B625-AC20EF06895C}.Debug|x64.Build.0 = Debug|Any CPU
		{23E39C08-1A89-45F9-B625-AC20EF06895C}.Debug|x86.ActiveCfg = Debug|Any CPU
		{23E39C08-1A89-45F9-B625-AC20EF06895C}.Debug|x86.Build.0 = Debug|Any CPU
		{23E39C08-1A89-45F9-B625-AC20EF06895C}.Release|Any CPU.ActiveCfg = Release|Any CPU
		{23E39C08-1A89-45F9-B625-AC20EF06895C}.Release|Any CPU.Build.0 = Release|Any CPU
		{23E39C08-1A89-45F9-B625-AC20EF06895C}.Release|ARM64.ActiveCfg = Release|Any CPU
		{23E39C08-1A89-45F9-B625-AC20EF06895C}.Release|ARM64.Build.0 = Release|Any CPU
		{23E39C08-1A89-45F9-B625-AC20EF06895C}.Release|x64.ActiveCfg = Release|Any CPU
		{23E39C08-1A89-45F9-B625-AC20EF06895C}.Release|x64.Build.0 = Release|Any CPU
		{23E39C08-1A89-45F9-B625-AC20EF06895C}.Release|x86.ActiveCfg = Release|Any CPU
		{23E39C08-1A89-45F9-B625-AC20EF06895C}.Release|x86.Build.0 = Release|Any CPU
		{4E8EAD5C-391E-4E51-9F45-49226415358B}.Debug|Any CPU.ActiveCfg = Debug|Any CPU
		{4E8EAD5C-391E-4E51-9F45-49226415358B}.Debug|Any CPU.Build.0 = Debug|Any CPU
		{4E8EAD5C-391E-4E51-9F45-49226415358B}.Debug|ARM64.ActiveCfg = Debug|Any CPU
		{4E8EAD5C-391E-4E51-9F45-49226415358B}.Debug|ARM64.Build.0 = Debug|Any CPU
		{4E8EAD5C-391E-4E51-9F45-49226415358B}.Debug|x64.ActiveCfg = Debug|Any CPU
		{4E8EAD5C-391E-4E51-9F45-49226415358B}.Debug|x64.Build.0 = Debug|Any CPU
		{4E8EAD5C-391E-4E51-9F45-49226415358B}.Debug|x86.ActiveCfg = Debug|Any CPU
		{4E8EAD5C-391E-4E51-9F45-49226415358B}.Debug|x86.Build.0 = Debug|Any CPU
		{4E8EAD5C-391E-4E51-9F45-49226415358B}.Release|Any CPU.ActiveCfg = Release|Any CPU
		{4E8EAD5C-391E-4E51-9F45-49226415358B}.Release|Any CPU.Build.0 = Release|Any CPU
		{4E8EAD5C-391E-4E51-9F45-49226415358B}.Release|ARM64.ActiveCfg = Release|Any CPU
		{4E8EAD5C-391E-4E51-9F45-49226415358B}.Release|ARM64.Build.0 = Release|Any CPU
		{4E8EAD5C-391E-4E51-9F45-49226415358B}.Release|x64.ActiveCfg = Release|Any CPU
		{4E8EAD5C-391E-4E51-9F45-49226415358B}.Release|x64.Build.0 = Release|Any CPU
		{4E8EAD5C-391E-4E51-9F45-49226415358B}.Release|x86.ActiveCfg = Release|Any CPU
		{4E8EAD5C-391E-4E51-9F45-49226415358B}.Release|x86.Build.0 = Release|Any CPU
		{862BC4F2-E4EF-4B1C-B673-05F859CDC0AB}.Debug|Any CPU.ActiveCfg = Debug|Any CPU
		{862BC4F2-E4EF-4B1C-B673-05F859CDC0AB}.Debug|Any CPU.Build.0 = Debug|Any CPU
		{862BC4F2-E4EF-4B1C-B673-05F859CDC0AB}.Debug|ARM64.ActiveCfg = Debug|Any CPU
		{862BC4F2-E4EF-4B1C-B673-05F859CDC0AB}.Debug|ARM64.Build.0 = Debug|Any CPU
		{862BC4F2-E4EF-4B1C-B673-05F859CDC0AB}.Debug|x64.ActiveCfg = Debug|Any CPU
		{862BC4F2-E4EF-4B1C-B673-05F859CDC0AB}.Debug|x64.Build.0 = Debug|Any CPU
		{862BC4F2-E4EF-4B1C-B673-05F859CDC0AB}.Debug|x86.ActiveCfg = Debug|Any CPU
		{862BC4F2-E4EF-4B1C-B673-05F859CDC0AB}.Debug|x86.Build.0 = Debug|Any CPU
		{862BC4F2-E4EF-4B1C-B673-05F859CDC0AB}.Release|Any CPU.ActiveCfg = Release|Any CPU
		{862BC4F2-E4EF-4B1C-B673-05F859CDC0AB}.Release|Any CPU.Build.0 = Release|Any CPU
		{862BC4F2-E4EF-4B1C-B673-05F859CDC0AB}.Release|ARM64.ActiveCfg = Release|Any CPU
		{862BC4F2-E4EF-4B1C-B673-05F859CDC0AB}.Release|ARM64.Build.0 = Release|Any CPU
		{862BC4F2-E4EF-4B1C-B673-05F859CDC0AB}.Release|x64.ActiveCfg = Release|Any CPU
		{862BC4F2-E4EF-4B1C-B673-05F859CDC0AB}.Release|x64.Build.0 = Release|Any CPU
		{862BC4F2-E4EF-4B1C-B673-05F859CDC0AB}.Release|x86.ActiveCfg = Release|Any CPU
		{862BC4F2-E4EF-4B1C-B673-05F859CDC0AB}.Release|x86.Build.0 = Release|Any CPU
		{2DFBCE71-594F-4229-B75A-D7007E062720}.Debug|Any CPU.ActiveCfg = Debug|Any CPU
		{2DFBCE71-594F-4229-B75A-D7007E062720}.Debug|Any CPU.Build.0 = Debug|Any CPU
		{2DFBCE71-594F-4229-B75A-D7007E062720}.Debug|ARM64.ActiveCfg = Debug|Any CPU
		{2DFBCE71-594F-4229-B75A-D7007E062720}.Debug|ARM64.Build.0 = Debug|Any CPU
		{2DFBCE71-594F-4229-B75A-D7007E062720}.Debug|x64.ActiveCfg = Debug|Any CPU
		{2DFBCE71-594F-4229-B75A-D7007E062720}.Debug|x64.Build.0 = Debug|Any CPU
		{2DFBCE71-594F-4229-B75A-D7007E062720}.Debug|x86.ActiveCfg = Debug|Any CPU
		{2DFBCE71-594F-4229-B75A-D7007E062720}.Debug|x86.Build.0 = Debug|Any CPU
		{2DFBCE71-594F-4229-B75A-D7007E062720}.Release|Any CPU.ActiveCfg = Release|Any CPU
		{2DFBCE71-594F-4229-B75A-D7007E062720}.Release|Any CPU.Build.0 = Release|Any CPU
		{2DFBCE71-594F-4229-B75A-D7007E062720}.Release|ARM64.ActiveCfg = Release|Any CPU
		{2DFBCE71-594F-4229-B75A-D7007E062720}.Release|ARM64.Build.0 = Release|Any CPU
		{2DFBCE71-594F-4229-B75A-D7007E062720}.Release|x64.ActiveCfg = Release|Any CPU
		{2DFBCE71-594F-4229-B75A-D7007E062720}.Release|x64.Build.0 = Release|Any CPU
		{2DFBCE71-594F-4229-B75A-D7007E062720}.Release|x86.ActiveCfg = Release|Any CPU
		{2DFBCE71-594F-4229-B75A-D7007E062720}.Release|x86.Build.0 = Release|Any CPU
		{93F8DF49-D705-4CCA-B9C2-2ECAD61EC49B}.Debug|Any CPU.ActiveCfg = Debug|Any CPU
		{93F8DF49-D705-4CCA-B9C2-2ECAD61EC49B}.Debug|Any CPU.Build.0 = Debug|Any CPU
		{93F8DF49-D705-4CCA-B9C2-2ECAD61EC49B}.Debug|ARM64.ActiveCfg = Debug|Any CPU
		{93F8DF49-D705-4CCA-B9C2-2ECAD61EC49B}.Debug|ARM64.Build.0 = Debug|Any CPU
		{93F8DF49-D705-4CCA-B9C2-2ECAD61EC49B}.Debug|x64.ActiveCfg = Debug|Any CPU
		{93F8DF49-D705-4CCA-B9C2-2ECAD61EC49B}.Debug|x64.Build.0 = Debug|Any CPU
		{93F8DF49-D705-4CCA-B9C2-2ECAD61EC49B}.Debug|x86.ActiveCfg = Debug|Any CPU
		{93F8DF49-D705-4CCA-B9C2-2ECAD61EC49B}.Debug|x86.Build.0 = Debug|Any CPU
		{93F8DF49-D705-4CCA-B9C2-2ECAD61EC49B}.Release|Any CPU.ActiveCfg = Release|Any CPU
		{93F8DF49-D705-4CCA-B9C2-2ECAD61EC49B}.Release|Any CPU.Build.0 = Release|Any CPU
		{93F8DF49-D705-4CCA-B9C2-2ECAD61EC49B}.Release|ARM64.ActiveCfg = Release|Any CPU
		{93F8DF49-D705-4CCA-B9C2-2ECAD61EC49B}.Release|ARM64.Build.0 = Release|Any CPU
		{93F8DF49-D705-4CCA-B9C2-2ECAD61EC49B}.Release|x64.ActiveCfg = Release|Any CPU
		{93F8DF49-D705-4CCA-B9C2-2ECAD61EC49B}.Release|x64.Build.0 = Release|Any CPU
		{93F8DF49-D705-4CCA-B9C2-2ECAD61EC49B}.Release|x86.ActiveCfg = Release|Any CPU
		{93F8DF49-D705-4CCA-B9C2-2ECAD61EC49B}.Release|x86.Build.0 = Release|Any CPU
		{1E8CA25F-2DED-48F5-9839-BE0173920EBE}.Debug|Any CPU.ActiveCfg = Debug|Any CPU
		{1E8CA25F-2DED-48F5-9839-BE0173920EBE}.Debug|Any CPU.Build.0 = Debug|Any CPU
		{1E8CA25F-2DED-48F5-9839-BE0173920EBE}.Debug|Any CPU.Deploy.0 = Debug|Any CPU
		{1E8CA25F-2DED-48F5-9839-BE0173920EBE}.Debug|ARM64.ActiveCfg = Debug|Any CPU
		{1E8CA25F-2DED-48F5-9839-BE0173920EBE}.Debug|ARM64.Build.0 = Debug|Any CPU
		{1E8CA25F-2DED-48F5-9839-BE0173920EBE}.Debug|ARM64.Deploy.0 = Debug|Any CPU
		{1E8CA25F-2DED-48F5-9839-BE0173920EBE}.Debug|x64.ActiveCfg = Debug|Any CPU
		{1E8CA25F-2DED-48F5-9839-BE0173920EBE}.Debug|x64.Build.0 = Debug|Any CPU
		{1E8CA25F-2DED-48F5-9839-BE0173920EBE}.Debug|x64.Deploy.0 = Debug|Any CPU
		{1E8CA25F-2DED-48F5-9839-BE0173920EBE}.Debug|x86.ActiveCfg = Debug|Any CPU
		{1E8CA25F-2DED-48F5-9839-BE0173920EBE}.Debug|x86.Build.0 = Debug|Any CPU
		{1E8CA25F-2DED-48F5-9839-BE0173920EBE}.Debug|x86.Deploy.0 = Debug|Any CPU
		{1E8CA25F-2DED-48F5-9839-BE0173920EBE}.Release|Any CPU.ActiveCfg = Release|Any CPU
		{1E8CA25F-2DED-48F5-9839-BE0173920EBE}.Release|Any CPU.Build.0 = Release|Any CPU
		{1E8CA25F-2DED-48F5-9839-BE0173920EBE}.Release|Any CPU.Deploy.0 = Release|Any CPU
		{1E8CA25F-2DED-48F5-9839-BE0173920EBE}.Release|ARM64.ActiveCfg = Release|Any CPU
		{1E8CA25F-2DED-48F5-9839-BE0173920EBE}.Release|ARM64.Build.0 = Release|Any CPU
		{1E8CA25F-2DED-48F5-9839-BE0173920EBE}.Release|ARM64.Deploy.0 = Release|Any CPU
		{1E8CA25F-2DED-48F5-9839-BE0173920EBE}.Release|x64.ActiveCfg = Release|Any CPU
		{1E8CA25F-2DED-48F5-9839-BE0173920EBE}.Release|x64.Build.0 = Release|Any CPU
		{1E8CA25F-2DED-48F5-9839-BE0173920EBE}.Release|x64.Deploy.0 = Release|Any CPU
		{1E8CA25F-2DED-48F5-9839-BE0173920EBE}.Release|x86.ActiveCfg = Release|Any CPU
		{1E8CA25F-2DED-48F5-9839-BE0173920EBE}.Release|x86.Build.0 = Release|Any CPU
		{1E8CA25F-2DED-48F5-9839-BE0173920EBE}.Release|x86.Deploy.0 = Release|Any CPU
		{7997854C-15A1-47DB-9718-6C69746EA82F}.Debug|Any CPU.ActiveCfg = Debug|Any CPU
		{7997854C-15A1-47DB-9718-6C69746EA82F}.Debug|Any CPU.Build.0 = Debug|Any CPU
		{7997854C-15A1-47DB-9718-6C69746EA82F}.Debug|ARM64.ActiveCfg = Debug|Any CPU
		{7997854C-15A1-47DB-9718-6C69746EA82F}.Debug|ARM64.Build.0 = Debug|Any CPU
		{7997854C-15A1-47DB-9718-6C69746EA82F}.Debug|x64.ActiveCfg = Debug|Any CPU
		{7997854C-15A1-47DB-9718-6C69746EA82F}.Debug|x64.Build.0 = Debug|Any CPU
		{7997854C-15A1-47DB-9718-6C69746EA82F}.Debug|x86.ActiveCfg = Debug|Any CPU
		{7997854C-15A1-47DB-9718-6C69746EA82F}.Debug|x86.Build.0 = Debug|Any CPU
		{7997854C-15A1-47DB-9718-6C69746EA82F}.Release|Any CPU.ActiveCfg = Release|Any CPU
		{7997854C-15A1-47DB-9718-6C69746EA82F}.Release|Any CPU.Build.0 = Release|Any CPU
		{7997854C-15A1-47DB-9718-6C69746EA82F}.Release|ARM64.ActiveCfg = Release|Any CPU
		{7997854C-15A1-47DB-9718-6C69746EA82F}.Release|ARM64.Build.0 = Release|Any CPU
		{7997854C-15A1-47DB-9718-6C69746EA82F}.Release|x64.ActiveCfg = Release|Any CPU
		{7997854C-15A1-47DB-9718-6C69746EA82F}.Release|x64.Build.0 = Release|Any CPU
		{7997854C-15A1-47DB-9718-6C69746EA82F}.Release|x86.ActiveCfg = Release|Any CPU
		{7997854C-15A1-47DB-9718-6C69746EA82F}.Release|x86.Build.0 = Release|Any CPU
		{5BBFACF5-07FD-46F2-B58C-BB3C934ECAAC}.Debug|Any CPU.ActiveCfg = Debug|Any CPU
		{5BBFACF5-07FD-46F2-B58C-BB3C934ECAAC}.Debug|Any CPU.Build.0 = Debug|Any CPU
		{5BBFACF5-07FD-46F2-B58C-BB3C934ECAAC}.Debug|ARM64.ActiveCfg = Debug|Any CPU
		{5BBFACF5-07FD-46F2-B58C-BB3C934ECAAC}.Debug|ARM64.Build.0 = Debug|Any CPU
		{5BBFACF5-07FD-46F2-B58C-BB3C934ECAAC}.Debug|x64.ActiveCfg = Debug|Any CPU
		{5BBFACF5-07FD-46F2-B58C-BB3C934ECAAC}.Debug|x64.Build.0 = Debug|Any CPU
		{5BBFACF5-07FD-46F2-B58C-BB3C934ECAAC}.Debug|x86.ActiveCfg = Debug|Any CPU
		{5BBFACF5-07FD-46F2-B58C-BB3C934ECAAC}.Debug|x86.Build.0 = Debug|Any CPU
		{5BBFACF5-07FD-46F2-B58C-BB3C934ECAAC}.Release|Any CPU.ActiveCfg = Release|Any CPU
		{5BBFACF5-07FD-46F2-B58C-BB3C934ECAAC}.Release|Any CPU.Build.0 = Release|Any CPU
		{5BBFACF5-07FD-46F2-B58C-BB3C934ECAAC}.Release|ARM64.ActiveCfg = Release|Any CPU
		{5BBFACF5-07FD-46F2-B58C-BB3C934ECAAC}.Release|ARM64.Build.0 = Release|Any CPU
		{5BBFACF5-07FD-46F2-B58C-BB3C934ECAAC}.Release|x64.ActiveCfg = Release|Any CPU
		{5BBFACF5-07FD-46F2-B58C-BB3C934ECAAC}.Release|x64.Build.0 = Release|Any CPU
		{5BBFACF5-07FD-46F2-B58C-BB3C934ECAAC}.Release|x86.ActiveCfg = Release|Any CPU
		{5BBFACF5-07FD-46F2-B58C-BB3C934ECAAC}.Release|x86.Build.0 = Release|Any CPU
		{8AEABE3E-8E08-4766-AA27-2E85FACD87AC}.Debug|Any CPU.ActiveCfg = Debug|Any CPU
		{8AEABE3E-8E08-4766-AA27-2E85FACD87AC}.Debug|Any CPU.Build.0 = Debug|Any CPU
		{8AEABE3E-8E08-4766-AA27-2E85FACD87AC}.Debug|ARM64.ActiveCfg = Debug|Any CPU
		{8AEABE3E-8E08-4766-AA27-2E85FACD87AC}.Debug|ARM64.Build.0 = Debug|Any CPU
		{8AEABE3E-8E08-4766-AA27-2E85FACD87AC}.Debug|x64.ActiveCfg = Debug|Any CPU
		{8AEABE3E-8E08-4766-AA27-2E85FACD87AC}.Debug|x64.Build.0 = Debug|Any CPU
		{8AEABE3E-8E08-4766-AA27-2E85FACD87AC}.Debug|x86.ActiveCfg = Debug|Any CPU
		{8AEABE3E-8E08-4766-AA27-2E85FACD87AC}.Debug|x86.Build.0 = Debug|Any CPU
		{8AEABE3E-8E08-4766-AA27-2E85FACD87AC}.Release|Any CPU.ActiveCfg = Release|Any CPU
		{8AEABE3E-8E08-4766-AA27-2E85FACD87AC}.Release|Any CPU.Build.0 = Release|Any CPU
		{8AEABE3E-8E08-4766-AA27-2E85FACD87AC}.Release|ARM64.ActiveCfg = Release|Any CPU
		{8AEABE3E-8E08-4766-AA27-2E85FACD87AC}.Release|ARM64.Build.0 = Release|Any CPU
		{8AEABE3E-8E08-4766-AA27-2E85FACD87AC}.Release|x64.ActiveCfg = Release|Any CPU
		{8AEABE3E-8E08-4766-AA27-2E85FACD87AC}.Release|x64.Build.0 = Release|Any CPU
		{8AEABE3E-8E08-4766-AA27-2E85FACD87AC}.Release|x86.ActiveCfg = Release|Any CPU
		{8AEABE3E-8E08-4766-AA27-2E85FACD87AC}.Release|x86.Build.0 = Release|Any CPU
		{87290607-EB1E-4C9D-9CC8-4476E152574A}.Debug|Any CPU.ActiveCfg = Debug|Any CPU
		{87290607-EB1E-4C9D-9CC8-4476E152574A}.Debug|Any CPU.Build.0 = Debug|Any CPU
		{87290607-EB1E-4C9D-9CC8-4476E152574A}.Debug|Any CPU.Deploy.0 = Debug|Any CPU
		{87290607-EB1E-4C9D-9CC8-4476E152574A}.Debug|ARM64.ActiveCfg = Debug|Any CPU
		{87290607-EB1E-4C9D-9CC8-4476E152574A}.Debug|ARM64.Build.0 = Debug|Any CPU
		{87290607-EB1E-4C9D-9CC8-4476E152574A}.Debug|ARM64.Deploy.0 = Debug|Any CPU
		{87290607-EB1E-4C9D-9CC8-4476E152574A}.Debug|x64.ActiveCfg = Debug|Any CPU
		{87290607-EB1E-4C9D-9CC8-4476E152574A}.Debug|x64.Build.0 = Debug|Any CPU
		{87290607-EB1E-4C9D-9CC8-4476E152574A}.Debug|x64.Deploy.0 = Debug|Any CPU
		{87290607-EB1E-4C9D-9CC8-4476E152574A}.Debug|x86.ActiveCfg = Debug|Any CPU
		{87290607-EB1E-4C9D-9CC8-4476E152574A}.Debug|x86.Build.0 = Debug|Any CPU
		{87290607-EB1E-4C9D-9CC8-4476E152574A}.Debug|x86.Deploy.0 = Debug|Any CPU
		{87290607-EB1E-4C9D-9CC8-4476E152574A}.Release|Any CPU.ActiveCfg = Release|Any CPU
		{87290607-EB1E-4C9D-9CC8-4476E152574A}.Release|Any CPU.Build.0 = Release|Any CPU
		{87290607-EB1E-4C9D-9CC8-4476E152574A}.Release|Any CPU.Deploy.0 = Release|Any CPU
		{87290607-EB1E-4C9D-9CC8-4476E152574A}.Release|ARM64.ActiveCfg = Release|Any CPU
		{87290607-EB1E-4C9D-9CC8-4476E152574A}.Release|ARM64.Build.0 = Release|Any CPU
		{87290607-EB1E-4C9D-9CC8-4476E152574A}.Release|ARM64.Deploy.0 = Release|Any CPU
		{87290607-EB1E-4C9D-9CC8-4476E152574A}.Release|x64.ActiveCfg = Release|Any CPU
		{87290607-EB1E-4C9D-9CC8-4476E152574A}.Release|x64.Build.0 = Release|Any CPU
		{87290607-EB1E-4C9D-9CC8-4476E152574A}.Release|x64.Deploy.0 = Release|Any CPU
		{87290607-EB1E-4C9D-9CC8-4476E152574A}.Release|x86.ActiveCfg = Release|Any CPU
		{87290607-EB1E-4C9D-9CC8-4476E152574A}.Release|x86.Build.0 = Release|Any CPU
		{87290607-EB1E-4C9D-9CC8-4476E152574A}.Release|x86.Deploy.0 = Release|Any CPU
		{DDC1461C-A316-4902-8797-E7D82F1C92C2}.Debug|Any CPU.ActiveCfg = Debug|Any CPU
		{DDC1461C-A316-4902-8797-E7D82F1C92C2}.Debug|Any CPU.Build.0 = Debug|Any CPU
		{DDC1461C-A316-4902-8797-E7D82F1C92C2}.Debug|ARM64.ActiveCfg = Debug|Any CPU
		{DDC1461C-A316-4902-8797-E7D82F1C92C2}.Debug|ARM64.Build.0 = Debug|Any CPU
		{DDC1461C-A316-4902-8797-E7D82F1C92C2}.Debug|x64.ActiveCfg = Debug|Any CPU
		{DDC1461C-A316-4902-8797-E7D82F1C92C2}.Debug|x64.Build.0 = Debug|Any CPU
		{DDC1461C-A316-4902-8797-E7D82F1C92C2}.Debug|x86.ActiveCfg = Debug|Any CPU
		{DDC1461C-A316-4902-8797-E7D82F1C92C2}.Debug|x86.Build.0 = Debug|Any CPU
		{DDC1461C-A316-4902-8797-E7D82F1C92C2}.Release|Any CPU.ActiveCfg = Release|Any CPU
		{DDC1461C-A316-4902-8797-E7D82F1C92C2}.Release|Any CPU.Build.0 = Release|Any CPU
		{DDC1461C-A316-4902-8797-E7D82F1C92C2}.Release|ARM64.ActiveCfg = Release|Any CPU
		{DDC1461C-A316-4902-8797-E7D82F1C92C2}.Release|ARM64.Build.0 = Release|Any CPU
		{DDC1461C-A316-4902-8797-E7D82F1C92C2}.Release|x64.ActiveCfg = Release|Any CPU
		{DDC1461C-A316-4902-8797-E7D82F1C92C2}.Release|x64.Build.0 = Release|Any CPU
		{DDC1461C-A316-4902-8797-E7D82F1C92C2}.Release|x86.ActiveCfg = Release|Any CPU
		{DDC1461C-A316-4902-8797-E7D82F1C92C2}.Release|x86.Build.0 = Release|Any CPU
		{46BC966A-9CF7-4DA6-8973-55E3E53AC5AE}.Debug|Any CPU.ActiveCfg = Debug|Any CPU
		{46BC966A-9CF7-4DA6-8973-55E3E53AC5AE}.Debug|Any CPU.Build.0 = Debug|Any CPU
		{46BC966A-9CF7-4DA6-8973-55E3E53AC5AE}.Debug|ARM64.ActiveCfg = Debug|Any CPU
		{46BC966A-9CF7-4DA6-8973-55E3E53AC5AE}.Debug|ARM64.Build.0 = Debug|Any CPU
		{46BC966A-9CF7-4DA6-8973-55E3E53AC5AE}.Debug|x64.ActiveCfg = Debug|Any CPU
		{46BC966A-9CF7-4DA6-8973-55E3E53AC5AE}.Debug|x64.Build.0 = Debug|Any CPU
		{46BC966A-9CF7-4DA6-8973-55E3E53AC5AE}.Debug|x86.ActiveCfg = Debug|Any CPU
		{46BC966A-9CF7-4DA6-8973-55E3E53AC5AE}.Debug|x86.Build.0 = Debug|Any CPU
		{46BC966A-9CF7-4DA6-8973-55E3E53AC5AE}.Release|Any CPU.ActiveCfg = Release|Any CPU
		{46BC966A-9CF7-4DA6-8973-55E3E53AC5AE}.Release|Any CPU.Build.0 = Release|Any CPU
		{46BC966A-9CF7-4DA6-8973-55E3E53AC5AE}.Release|ARM64.ActiveCfg = Release|Any CPU
		{46BC966A-9CF7-4DA6-8973-55E3E53AC5AE}.Release|ARM64.Build.0 = Release|Any CPU
		{46BC966A-9CF7-4DA6-8973-55E3E53AC5AE}.Release|x64.ActiveCfg = Release|Any CPU
		{46BC966A-9CF7-4DA6-8973-55E3E53AC5AE}.Release|x64.Build.0 = Release|Any CPU
		{46BC966A-9CF7-4DA6-8973-55E3E53AC5AE}.Release|x86.ActiveCfg = Release|Any CPU
		{46BC966A-9CF7-4DA6-8973-55E3E53AC5AE}.Release|x86.Build.0 = Release|Any CPU
		{A8CA4D5B-DC31-46E9-9935-AA08DCB6F623}.Debug|Any CPU.ActiveCfg = Debug|Any CPU
		{A8CA4D5B-DC31-46E9-9935-AA08DCB6F623}.Debug|Any CPU.Build.0 = Debug|Any CPU
		{A8CA4D5B-DC31-46E9-9935-AA08DCB6F623}.Debug|ARM64.ActiveCfg = Debug|Any CPU
		{A8CA4D5B-DC31-46E9-9935-AA08DCB6F623}.Debug|ARM64.Build.0 = Debug|Any CPU
		{A8CA4D5B-DC31-46E9-9935-AA08DCB6F623}.Debug|x64.ActiveCfg = Debug|Any CPU
		{A8CA4D5B-DC31-46E9-9935-AA08DCB6F623}.Debug|x64.Build.0 = Debug|Any CPU
		{A8CA4D5B-DC31-46E9-9935-AA08DCB6F623}.Debug|x86.ActiveCfg = Debug|Any CPU
		{A8CA4D5B-DC31-46E9-9935-AA08DCB6F623}.Debug|x86.Build.0 = Debug|Any CPU
		{A8CA4D5B-DC31-46E9-9935-AA08DCB6F623}.Release|Any CPU.ActiveCfg = Release|Any CPU
		{A8CA4D5B-DC31-46E9-9935-AA08DCB6F623}.Release|Any CPU.Build.0 = Release|Any CPU
		{A8CA4D5B-DC31-46E9-9935-AA08DCB6F623}.Release|ARM64.ActiveCfg = Release|Any CPU
		{A8CA4D5B-DC31-46E9-9935-AA08DCB6F623}.Release|ARM64.Build.0 = Release|Any CPU
		{A8CA4D5B-DC31-46E9-9935-AA08DCB6F623}.Release|x64.ActiveCfg = Release|Any CPU
		{A8CA4D5B-DC31-46E9-9935-AA08DCB6F623}.Release|x64.Build.0 = Release|Any CPU
		{A8CA4D5B-DC31-46E9-9935-AA08DCB6F623}.Release|x86.ActiveCfg = Release|Any CPU
		{A8CA4D5B-DC31-46E9-9935-AA08DCB6F623}.Release|x86.Build.0 = Release|Any CPU
		{B74876E9-4A8B-4358-B431-037603E166F7}.Debug|Any CPU.ActiveCfg = Debug|Any CPU
		{B74876E9-4A8B-4358-B431-037603E166F7}.Debug|Any CPU.Build.0 = Debug|Any CPU
		{B74876E9-4A8B-4358-B431-037603E166F7}.Debug|Any CPU.Deploy.0 = Debug|Any CPU
		{B74876E9-4A8B-4358-B431-037603E166F7}.Debug|ARM64.ActiveCfg = Debug|Any CPU
		{B74876E9-4A8B-4358-B431-037603E166F7}.Debug|ARM64.Build.0 = Debug|Any CPU
		{B74876E9-4A8B-4358-B431-037603E166F7}.Debug|ARM64.Deploy.0 = Debug|Any CPU
		{B74876E9-4A8B-4358-B431-037603E166F7}.Debug|x64.ActiveCfg = Debug|Any CPU
		{B74876E9-4A8B-4358-B431-037603E166F7}.Debug|x64.Build.0 = Debug|Any CPU
		{B74876E9-4A8B-4358-B431-037603E166F7}.Debug|x64.Deploy.0 = Debug|Any CPU
		{B74876E9-4A8B-4358-B431-037603E166F7}.Debug|x86.ActiveCfg = Debug|Any CPU
		{B74876E9-4A8B-4358-B431-037603E166F7}.Debug|x86.Build.0 = Debug|Any CPU
		{B74876E9-4A8B-4358-B431-037603E166F7}.Debug|x86.Deploy.0 = Debug|Any CPU
		{B74876E9-4A8B-4358-B431-037603E166F7}.Release|Any CPU.ActiveCfg = Release|Any CPU
		{B74876E9-4A8B-4358-B431-037603E166F7}.Release|Any CPU.Build.0 = Release|Any CPU
		{B74876E9-4A8B-4358-B431-037603E166F7}.Release|Any CPU.Deploy.0 = Release|Any CPU
		{B74876E9-4A8B-4358-B431-037603E166F7}.Release|ARM64.ActiveCfg = Release|Any CPU
		{B74876E9-4A8B-4358-B431-037603E166F7}.Release|ARM64.Build.0 = Release|Any CPU
		{B74876E9-4A8B-4358-B431-037603E166F7}.Release|ARM64.Deploy.0 = Release|Any CPU
		{B74876E9-4A8B-4358-B431-037603E166F7}.Release|x64.ActiveCfg = Release|Any CPU
		{B74876E9-4A8B-4358-B431-037603E166F7}.Release|x64.Build.0 = Release|Any CPU
		{B74876E9-4A8B-4358-B431-037603E166F7}.Release|x64.Deploy.0 = Release|Any CPU
		{B74876E9-4A8B-4358-B431-037603E166F7}.Release|x86.ActiveCfg = Release|Any CPU
		{B74876E9-4A8B-4358-B431-037603E166F7}.Release|x86.Build.0 = Release|Any CPU
		{B74876E9-4A8B-4358-B431-037603E166F7}.Release|x86.Deploy.0 = Release|Any CPU
		{C7D3A93F-3A9D-482C-8AF8-89080A192F00}.Debug|Any CPU.ActiveCfg = Debug|x64
		{C7D3A93F-3A9D-482C-8AF8-89080A192F00}.Debug|Any CPU.Build.0 = Debug|x64
		{C7D3A93F-3A9D-482C-8AF8-89080A192F00}.Debug|Any CPU.Deploy.0 = Debug|x64
		{C7D3A93F-3A9D-482C-8AF8-89080A192F00}.Debug|ARM64.ActiveCfg = Debug|ARM64
		{C7D3A93F-3A9D-482C-8AF8-89080A192F00}.Debug|ARM64.Build.0 = Debug|ARM64
		{C7D3A93F-3A9D-482C-8AF8-89080A192F00}.Debug|ARM64.Deploy.0 = Debug|ARM64
		{C7D3A93F-3A9D-482C-8AF8-89080A192F00}.Debug|x64.ActiveCfg = Debug|x64
		{C7D3A93F-3A9D-482C-8AF8-89080A192F00}.Debug|x64.Build.0 = Debug|x64
		{C7D3A93F-3A9D-482C-8AF8-89080A192F00}.Debug|x64.Deploy.0 = Debug|x64
		{C7D3A93F-3A9D-482C-8AF8-89080A192F00}.Debug|x86.ActiveCfg = Debug|x86
		{C7D3A93F-3A9D-482C-8AF8-89080A192F00}.Debug|x86.Build.0 = Debug|x86
		{C7D3A93F-3A9D-482C-8AF8-89080A192F00}.Debug|x86.Deploy.0 = Debug|x86
		{C7D3A93F-3A9D-482C-8AF8-89080A192F00}.Release|Any CPU.ActiveCfg = Release|x64
		{C7D3A93F-3A9D-482C-8AF8-89080A192F00}.Release|Any CPU.Build.0 = Release|x64
		{C7D3A93F-3A9D-482C-8AF8-89080A192F00}.Release|Any CPU.Deploy.0 = Release|x64
		{C7D3A93F-3A9D-482C-8AF8-89080A192F00}.Release|ARM64.ActiveCfg = Release|ARM64
		{C7D3A93F-3A9D-482C-8AF8-89080A192F00}.Release|ARM64.Build.0 = Release|ARM64
		{C7D3A93F-3A9D-482C-8AF8-89080A192F00}.Release|ARM64.Deploy.0 = Release|ARM64
		{C7D3A93F-3A9D-482C-8AF8-89080A192F00}.Release|x64.ActiveCfg = Release|x64
		{C7D3A93F-3A9D-482C-8AF8-89080A192F00}.Release|x64.Build.0 = Release|x64
		{C7D3A93F-3A9D-482C-8AF8-89080A192F00}.Release|x64.Deploy.0 = Release|x64
		{C7D3A93F-3A9D-482C-8AF8-89080A192F00}.Release|x86.ActiveCfg = Release|x86
		{C7D3A93F-3A9D-482C-8AF8-89080A192F00}.Release|x86.Build.0 = Release|x86
		{C7D3A93F-3A9D-482C-8AF8-89080A192F00}.Release|x86.Deploy.0 = Release|x86
		{4C91AB93-DF40-4271-B4C5-4B5C4B03D26C}.Debug|Any CPU.ActiveCfg = Debug|Any CPU
		{4C91AB93-DF40-4271-B4C5-4B5C4B03D26C}.Debug|Any CPU.Build.0 = Debug|Any CPU
		{4C91AB93-DF40-4271-B4C5-4B5C4B03D26C}.Debug|ARM64.ActiveCfg = Debug|Any CPU
		{4C91AB93-DF40-4271-B4C5-4B5C4B03D26C}.Debug|ARM64.Build.0 = Debug|Any CPU
		{4C91AB93-DF40-4271-B4C5-4B5C4B03D26C}.Debug|x64.ActiveCfg = Debug|Any CPU
		{4C91AB93-DF40-4271-B4C5-4B5C4B03D26C}.Debug|x64.Build.0 = Debug|Any CPU
		{4C91AB93-DF40-4271-B4C5-4B5C4B03D26C}.Debug|x86.ActiveCfg = Debug|Any CPU
		{4C91AB93-DF40-4271-B4C5-4B5C4B03D26C}.Debug|x86.Build.0 = Debug|Any CPU
		{4C91AB93-DF40-4271-B4C5-4B5C4B03D26C}.Release|Any CPU.ActiveCfg = Release|Any CPU
		{4C91AB93-DF40-4271-B4C5-4B5C4B03D26C}.Release|Any CPU.Build.0 = Release|Any CPU
		{4C91AB93-DF40-4271-B4C5-4B5C4B03D26C}.Release|ARM64.ActiveCfg = Release|Any CPU
		{4C91AB93-DF40-4271-B4C5-4B5C4B03D26C}.Release|ARM64.Build.0 = Release|Any CPU
		{4C91AB93-DF40-4271-B4C5-4B5C4B03D26C}.Release|x64.ActiveCfg = Release|Any CPU
		{4C91AB93-DF40-4271-B4C5-4B5C4B03D26C}.Release|x64.Build.0 = Release|Any CPU
		{4C91AB93-DF40-4271-B4C5-4B5C4B03D26C}.Release|x86.ActiveCfg = Release|Any CPU
		{4C91AB93-DF40-4271-B4C5-4B5C4B03D26C}.Release|x86.Build.0 = Release|Any CPU
		{63962C33-BC4E-45B3-BD3F-070CDEA36FF4}.Debug|Any CPU.ActiveCfg = Debug|Any CPU
		{63962C33-BC4E-45B3-BD3F-070CDEA36FF4}.Debug|Any CPU.Build.0 = Debug|Any CPU
		{63962C33-BC4E-45B3-BD3F-070CDEA36FF4}.Debug|ARM64.ActiveCfg = Debug|Any CPU
		{63962C33-BC4E-45B3-BD3F-070CDEA36FF4}.Debug|ARM64.Build.0 = Debug|Any CPU
		{63962C33-BC4E-45B3-BD3F-070CDEA36FF4}.Debug|x64.ActiveCfg = Debug|Any CPU
		{63962C33-BC4E-45B3-BD3F-070CDEA36FF4}.Debug|x64.Build.0 = Debug|Any CPU
		{63962C33-BC4E-45B3-BD3F-070CDEA36FF4}.Debug|x86.ActiveCfg = Debug|Any CPU
		{63962C33-BC4E-45B3-BD3F-070CDEA36FF4}.Debug|x86.Build.0 = Debug|Any CPU
		{63962C33-BC4E-45B3-BD3F-070CDEA36FF4}.Release|Any CPU.ActiveCfg = Release|Any CPU
		{63962C33-BC4E-45B3-BD3F-070CDEA36FF4}.Release|Any CPU.Build.0 = Release|Any CPU
		{63962C33-BC4E-45B3-BD3F-070CDEA36FF4}.Release|ARM64.ActiveCfg = Release|Any CPU
		{63962C33-BC4E-45B3-BD3F-070CDEA36FF4}.Release|ARM64.Build.0 = Release|Any CPU
		{63962C33-BC4E-45B3-BD3F-070CDEA36FF4}.Release|x64.ActiveCfg = Release|Any CPU
		{63962C33-BC4E-45B3-BD3F-070CDEA36FF4}.Release|x64.Build.0 = Release|Any CPU
		{63962C33-BC4E-45B3-BD3F-070CDEA36FF4}.Release|x86.ActiveCfg = Release|Any CPU
		{63962C33-BC4E-45B3-BD3F-070CDEA36FF4}.Release|x86.Build.0 = Release|Any CPU
		{B5F6E56C-9488-43CA-821A-C98ADB6A7C85}.Debug|Any CPU.ActiveCfg = Debug|Any CPU
		{B5F6E56C-9488-43CA-821A-C98ADB6A7C85}.Debug|Any CPU.Build.0 = Debug|Any CPU
		{B5F6E56C-9488-43CA-821A-C98ADB6A7C85}.Debug|ARM64.ActiveCfg = Debug|Any CPU
		{B5F6E56C-9488-43CA-821A-C98ADB6A7C85}.Debug|ARM64.Build.0 = Debug|Any CPU
		{B5F6E56C-9488-43CA-821A-C98ADB6A7C85}.Debug|x64.ActiveCfg = Debug|Any CPU
		{B5F6E56C-9488-43CA-821A-C98ADB6A7C85}.Debug|x64.Build.0 = Debug|Any CPU
		{B5F6E56C-9488-43CA-821A-C98ADB6A7C85}.Debug|x86.ActiveCfg = Debug|Any CPU
		{B5F6E56C-9488-43CA-821A-C98ADB6A7C85}.Debug|x86.Build.0 = Debug|Any CPU
		{B5F6E56C-9488-43CA-821A-C98ADB6A7C85}.Release|Any CPU.ActiveCfg = Release|Any CPU
		{B5F6E56C-9488-43CA-821A-C98ADB6A7C85}.Release|Any CPU.Build.0 = Release|Any CPU
		{B5F6E56C-9488-43CA-821A-C98ADB6A7C85}.Release|ARM64.ActiveCfg = Release|Any CPU
		{B5F6E56C-9488-43CA-821A-C98ADB6A7C85}.Release|ARM64.Build.0 = Release|Any CPU
		{B5F6E56C-9488-43CA-821A-C98ADB6A7C85}.Release|x64.ActiveCfg = Release|Any CPU
		{B5F6E56C-9488-43CA-821A-C98ADB6A7C85}.Release|x64.Build.0 = Release|Any CPU
		{B5F6E56C-9488-43CA-821A-C98ADB6A7C85}.Release|x86.ActiveCfg = Release|Any CPU
		{B5F6E56C-9488-43CA-821A-C98ADB6A7C85}.Release|x86.Build.0 = Release|Any CPU
		{17616598-FDD2-49BC-A6A4-E5353F3FA9DF}.Debug|Any CPU.ActiveCfg = Debug|Any CPU
		{17616598-FDD2-49BC-A6A4-E5353F3FA9DF}.Debug|Any CPU.Build.0 = Debug|Any CPU
		{17616598-FDD2-49BC-A6A4-E5353F3FA9DF}.Debug|ARM64.ActiveCfg = Debug|Any CPU
		{17616598-FDD2-49BC-A6A4-E5353F3FA9DF}.Debug|ARM64.Build.0 = Debug|Any CPU
		{17616598-FDD2-49BC-A6A4-E5353F3FA9DF}.Debug|x64.ActiveCfg = Debug|Any CPU
		{17616598-FDD2-49BC-A6A4-E5353F3FA9DF}.Debug|x64.Build.0 = Debug|Any CPU
		{17616598-FDD2-49BC-A6A4-E5353F3FA9DF}.Debug|x86.ActiveCfg = Debug|Any CPU
		{17616598-FDD2-49BC-A6A4-E5353F3FA9DF}.Debug|x86.Build.0 = Debug|Any CPU
		{17616598-FDD2-49BC-A6A4-E5353F3FA9DF}.Release|Any CPU.ActiveCfg = Release|Any CPU
		{17616598-FDD2-49BC-A6A4-E5353F3FA9DF}.Release|Any CPU.Build.0 = Release|Any CPU
		{17616598-FDD2-49BC-A6A4-E5353F3FA9DF}.Release|ARM64.ActiveCfg = Release|Any CPU
		{17616598-FDD2-49BC-A6A4-E5353F3FA9DF}.Release|ARM64.Build.0 = Release|Any CPU
		{17616598-FDD2-49BC-A6A4-E5353F3FA9DF}.Release|x64.ActiveCfg = Release|Any CPU
		{17616598-FDD2-49BC-A6A4-E5353F3FA9DF}.Release|x64.Build.0 = Release|Any CPU
		{17616598-FDD2-49BC-A6A4-E5353F3FA9DF}.Release|x86.ActiveCfg = Release|Any CPU
		{17616598-FDD2-49BC-A6A4-E5353F3FA9DF}.Release|x86.Build.0 = Release|Any CPU
		{CFAAA1D0-76B8-9D10-E5C7-FE953FE24B7F}.Debug|Any CPU.ActiveCfg = Debug|Any CPU
		{CFAAA1D0-76B8-9D10-E5C7-FE953FE24B7F}.Debug|Any CPU.Build.0 = Debug|Any CPU
		{CFAAA1D0-76B8-9D10-E5C7-FE953FE24B7F}.Debug|ARM64.ActiveCfg = Debug|Any CPU
		{CFAAA1D0-76B8-9D10-E5C7-FE953FE24B7F}.Debug|ARM64.Build.0 = Debug|Any CPU
		{CFAAA1D0-76B8-9D10-E5C7-FE953FE24B7F}.Debug|x64.ActiveCfg = Debug|Any CPU
		{CFAAA1D0-76B8-9D10-E5C7-FE953FE24B7F}.Debug|x64.Build.0 = Debug|Any CPU
		{CFAAA1D0-76B8-9D10-E5C7-FE953FE24B7F}.Debug|x86.ActiveCfg = Debug|Any CPU
		{CFAAA1D0-76B8-9D10-E5C7-FE953FE24B7F}.Debug|x86.Build.0 = Debug|Any CPU
		{CFAAA1D0-76B8-9D10-E5C7-FE953FE24B7F}.Release|Any CPU.ActiveCfg = Release|Any CPU
		{CFAAA1D0-76B8-9D10-E5C7-FE953FE24B7F}.Release|Any CPU.Build.0 = Release|Any CPU
		{CFAAA1D0-76B8-9D10-E5C7-FE953FE24B7F}.Release|ARM64.ActiveCfg = Release|Any CPU
		{CFAAA1D0-76B8-9D10-E5C7-FE953FE24B7F}.Release|ARM64.Build.0 = Release|Any CPU
		{CFAAA1D0-76B8-9D10-E5C7-FE953FE24B7F}.Release|x64.ActiveCfg = Release|Any CPU
		{CFAAA1D0-76B8-9D10-E5C7-FE953FE24B7F}.Release|x64.Build.0 = Release|Any CPU
		{CFAAA1D0-76B8-9D10-E5C7-FE953FE24B7F}.Release|x86.ActiveCfg = Release|Any CPU
		{CFAAA1D0-76B8-9D10-E5C7-FE953FE24B7F}.Release|x86.Build.0 = Release|Any CPU
		{0A50FB38-9153-D458-71FF-4CBE590EB488}.Debug|Any CPU.ActiveCfg = Debug|Any CPU
		{0A50FB38-9153-D458-71FF-4CBE590EB488}.Debug|Any CPU.Build.0 = Debug|Any CPU
		{0A50FB38-9153-D458-71FF-4CBE590EB488}.Debug|Any CPU.Deploy.0 = Debug|Any CPU
		{0A50FB38-9153-D458-71FF-4CBE590EB488}.Debug|ARM64.ActiveCfg = Debug|Any CPU
		{0A50FB38-9153-D458-71FF-4CBE590EB488}.Debug|ARM64.Build.0 = Debug|Any CPU
		{0A50FB38-9153-D458-71FF-4CBE590EB488}.Debug|ARM64.Deploy.0 = Debug|Any CPU
		{0A50FB38-9153-D458-71FF-4CBE590EB488}.Debug|x64.ActiveCfg = Debug|Any CPU
		{0A50FB38-9153-D458-71FF-4CBE590EB488}.Debug|x64.Build.0 = Debug|Any CPU
		{0A50FB38-9153-D458-71FF-4CBE590EB488}.Debug|x64.Deploy.0 = Debug|Any CPU
		{0A50FB38-9153-D458-71FF-4CBE590EB488}.Debug|x86.ActiveCfg = Debug|Any CPU
		{0A50FB38-9153-D458-71FF-4CBE590EB488}.Debug|x86.Build.0 = Debug|Any CPU
		{0A50FB38-9153-D458-71FF-4CBE590EB488}.Debug|x86.Deploy.0 = Debug|Any CPU
		{0A50FB38-9153-D458-71FF-4CBE590EB488}.Release|Any CPU.ActiveCfg = Release|Any CPU
		{0A50FB38-9153-D458-71FF-4CBE590EB488}.Release|Any CPU.Build.0 = Release|Any CPU
		{0A50FB38-9153-D458-71FF-4CBE590EB488}.Release|Any CPU.Deploy.0 = Release|Any CPU
		{0A50FB38-9153-D458-71FF-4CBE590EB488}.Release|ARM64.ActiveCfg = Release|Any CPU
		{0A50FB38-9153-D458-71FF-4CBE590EB488}.Release|ARM64.Build.0 = Release|Any CPU
		{0A50FB38-9153-D458-71FF-4CBE590EB488}.Release|ARM64.Deploy.0 = Release|Any CPU
		{0A50FB38-9153-D458-71FF-4CBE590EB488}.Release|x64.ActiveCfg = Release|Any CPU
		{0A50FB38-9153-D458-71FF-4CBE590EB488}.Release|x64.Build.0 = Release|Any CPU
		{0A50FB38-9153-D458-71FF-4CBE590EB488}.Release|x64.Deploy.0 = Release|Any CPU
		{0A50FB38-9153-D458-71FF-4CBE590EB488}.Release|x86.ActiveCfg = Release|Any CPU
		{0A50FB38-9153-D458-71FF-4CBE590EB488}.Release|x86.Build.0 = Release|Any CPU
		{0A50FB38-9153-D458-71FF-4CBE590EB488}.Release|x86.Deploy.0 = Release|Any CPU
		{94899FC4-D415-1C0E-E35C-D27F190EE0F5}.Debug|Any CPU.ActiveCfg = Debug|Any CPU
		{94899FC4-D415-1C0E-E35C-D27F190EE0F5}.Debug|Any CPU.Build.0 = Debug|Any CPU
		{94899FC4-D415-1C0E-E35C-D27F190EE0F5}.Debug|ARM64.ActiveCfg = Debug|Any CPU
		{94899FC4-D415-1C0E-E35C-D27F190EE0F5}.Debug|ARM64.Build.0 = Debug|Any CPU
		{94899FC4-D415-1C0E-E35C-D27F190EE0F5}.Debug|x64.ActiveCfg = Debug|Any CPU
		{94899FC4-D415-1C0E-E35C-D27F190EE0F5}.Debug|x64.Build.0 = Debug|Any CPU
		{94899FC4-D415-1C0E-E35C-D27F190EE0F5}.Debug|x86.ActiveCfg = Debug|Any CPU
		{94899FC4-D415-1C0E-E35C-D27F190EE0F5}.Debug|x86.Build.0 = Debug|Any CPU
		{94899FC4-D415-1C0E-E35C-D27F190EE0F5}.Release|Any CPU.ActiveCfg = Release|Any CPU
		{94899FC4-D415-1C0E-E35C-D27F190EE0F5}.Release|Any CPU.Build.0 = Release|Any CPU
		{94899FC4-D415-1C0E-E35C-D27F190EE0F5}.Release|ARM64.ActiveCfg = Release|Any CPU
		{94899FC4-D415-1C0E-E35C-D27F190EE0F5}.Release|ARM64.Build.0 = Release|Any CPU
		{94899FC4-D415-1C0E-E35C-D27F190EE0F5}.Release|x64.ActiveCfg = Release|Any CPU
		{94899FC4-D415-1C0E-E35C-D27F190EE0F5}.Release|x64.Build.0 = Release|Any CPU
		{94899FC4-D415-1C0E-E35C-D27F190EE0F5}.Release|x86.ActiveCfg = Release|Any CPU
		{94899FC4-D415-1C0E-E35C-D27F190EE0F5}.Release|x86.Build.0 = Release|Any CPU
		{7AD37A75-16EE-4D9F-A8EC-BB693409CB67}.Debug|Any CPU.ActiveCfg = Debug|Any CPU
		{7AD37A75-16EE-4D9F-A8EC-BB693409CB67}.Debug|Any CPU.Build.0 = Debug|Any CPU
		{7AD37A75-16EE-4D9F-A8EC-BB693409CB67}.Debug|Any CPU.Deploy.0 = Debug|Any CPU
		{7AD37A75-16EE-4D9F-A8EC-BB693409CB67}.Debug|ARM64.ActiveCfg = Debug|Any CPU
		{7AD37A75-16EE-4D9F-A8EC-BB693409CB67}.Debug|ARM64.Build.0 = Debug|Any CPU
		{7AD37A75-16EE-4D9F-A8EC-BB693409CB67}.Debug|ARM64.Deploy.0 = Debug|Any CPU
		{7AD37A75-16EE-4D9F-A8EC-BB693409CB67}.Debug|x64.ActiveCfg = Debug|Any CPU
		{7AD37A75-16EE-4D9F-A8EC-BB693409CB67}.Debug|x64.Build.0 = Debug|Any CPU
		{7AD37A75-16EE-4D9F-A8EC-BB693409CB67}.Debug|x64.Deploy.0 = Debug|Any CPU
		{7AD37A75-16EE-4D9F-A8EC-BB693409CB67}.Debug|x86.ActiveCfg = Debug|Any CPU
		{7AD37A75-16EE-4D9F-A8EC-BB693409CB67}.Debug|x86.Build.0 = Debug|Any CPU
		{7AD37A75-16EE-4D9F-A8EC-BB693409CB67}.Debug|x86.Deploy.0 = Debug|Any CPU
		{7AD37A75-16EE-4D9F-A8EC-BB693409CB67}.Release|Any CPU.ActiveCfg = Release|Any CPU
		{7AD37A75-16EE-4D9F-A8EC-BB693409CB67}.Release|Any CPU.Build.0 = Release|Any CPU
		{7AD37A75-16EE-4D9F-A8EC-BB693409CB67}.Release|Any CPU.Deploy.0 = Release|Any CPU
		{7AD37A75-16EE-4D9F-A8EC-BB693409CB67}.Release|ARM64.ActiveCfg = Release|Any CPU
		{7AD37A75-16EE-4D9F-A8EC-BB693409CB67}.Release|ARM64.Build.0 = Release|Any CPU
		{7AD37A75-16EE-4D9F-A8EC-BB693409CB67}.Release|ARM64.Deploy.0 = Release|Any CPU
		{7AD37A75-16EE-4D9F-A8EC-BB693409CB67}.Release|x64.ActiveCfg = Release|Any CPU
		{7AD37A75-16EE-4D9F-A8EC-BB693409CB67}.Release|x64.Build.0 = Release|Any CPU
		{7AD37A75-16EE-4D9F-A8EC-BB693409CB67}.Release|x64.Deploy.0 = Release|Any CPU
		{7AD37A75-16EE-4D9F-A8EC-BB693409CB67}.Release|x86.ActiveCfg = Release|Any CPU
		{7AD37A75-16EE-4D9F-A8EC-BB693409CB67}.Release|x86.Build.0 = Release|Any CPU
		{7AD37A75-16EE-4D9F-A8EC-BB693409CB67}.Release|x86.Deploy.0 = Release|Any CPU
	EndGlobalSection
	GlobalSection(SolutionProperties) = preSolution
		HideSolutionNode = FALSE
	EndGlobalSection
	GlobalSection(NestedProjects) = preSolution
		{C57C05D4-3CA5-42DE-AA13-BCDC3A15FB36} = {E72BD25C-CE27-4839-9FB4-9E073F75A6F1}
		{DED6E1C3-238F-4B9E-BB10-3DD80519B4E6} = {E72BD25C-CE27-4839-9FB4-9E073F75A6F1}
		{E9CFB1C4-8155-4D4F-AFF6-9309290A74FC} = {E72BD25C-CE27-4839-9FB4-9E073F75A6F1}
		{962A7AA4-9675-4B5D-8288-A0363CD49F85} = {E72BD25C-CE27-4839-9FB4-9E073F75A6F1}
		{3BD81866-D369-4CC6-BA47-42B214643AD6} = {E72BD25C-CE27-4839-9FB4-9E073F75A6F1}
		{862BC4F2-E4EF-4B1C-B673-05F859CDC0AB} = {545D2C43-6A5C-4686-B6C5-1251F05BD502}
		{2DFBCE71-594F-4229-B75A-D7007E062720} = {32D4868E-3E98-4405-85A4-CD461254D8F9}
		{93F8DF49-D705-4CCA-B9C2-2ECAD61EC49B} = {32D4868E-3E98-4405-85A4-CD461254D8F9}
		{1E8CA25F-2DED-48F5-9839-BE0173920EBE} = {32D4868E-3E98-4405-85A4-CD461254D8F9}
		{7997854C-15A1-47DB-9718-6C69746EA82F} = {32D4868E-3E98-4405-85A4-CD461254D8F9}
		{5BBFACF5-07FD-46F2-B58C-BB3C934ECAAC} = {32D4868E-3E98-4405-85A4-CD461254D8F9}
		{8AEABE3E-8E08-4766-AA27-2E85FACD87AC} = {32D4868E-3E98-4405-85A4-CD461254D8F9}
		{87290607-EB1E-4C9D-9CC8-4476E152574A} = {32D4868E-3E98-4405-85A4-CD461254D8F9}
		{DDC1461C-A316-4902-8797-E7D82F1C92C2} = {32D4868E-3E98-4405-85A4-CD461254D8F9}
		{46BC966A-9CF7-4DA6-8973-55E3E53AC5AE} = {32D4868E-3E98-4405-85A4-CD461254D8F9}
		{A8CA4D5B-DC31-46E9-9935-AA08DCB6F623} = {F6089B6B-FCFB-4764-8DF9-E869A1EF9E50}
		{B74876E9-4A8B-4358-B431-037603E166F7} = {F6089B6B-FCFB-4764-8DF9-E869A1EF9E50}
		{C7D3A93F-3A9D-482C-8AF8-89080A192F00} = {F6089B6B-FCFB-4764-8DF9-E869A1EF9E50}
		{4C91AB93-DF40-4271-B4C5-4B5C4B03D26C} = {04489DBA-F59F-4C50-B1FB-DABD7ACAD688}
		{63962C33-BC4E-45B3-BD3F-070CDEA36FF4} = {04489DBA-F59F-4C50-B1FB-DABD7ACAD688}
		{B5F6E56C-9488-43CA-821A-C98ADB6A7C85} = {04489DBA-F59F-4C50-B1FB-DABD7ACAD688}
		{F6089B6B-FCFB-4764-8DF9-E869A1EF9E50} = {04489DBA-F59F-4C50-B1FB-DABD7ACAD688}
		{02EA681E-C7D8-13C7-8484-4AC65E1B71E8} = {04489DBA-F59F-4C50-B1FB-DABD7ACAD688}
		{CFAAA1D0-76B8-9D10-E5C7-FE953FE24B7F} = {02EA681E-C7D8-13C7-8484-4AC65E1B71E8}
		{0A50FB38-9153-D458-71FF-4CBE590EB488} = {02EA681E-C7D8-13C7-8484-4AC65E1B71E8}
	EndGlobalSection
	GlobalSection(ExtensibilityGlobals) = postSolution
		SolutionGuid = {C456C484-3702-4A0E-9458-46475FC39272}
	EndGlobalSection
EndGlobal
