
Microsoft Visual Studio Solution File, Format Version 12.00
# Visual Studio Version 16
VisualStudioVersion = 16.0.29519.87
MinimumVisualStudioVersion = 10.0.40219.1
Project("{FAE04EC0-301F-11D3-BF4B-00C04F79EFBC}") = "PictureManagerWPF", "PictureManagerWPF\PictureManagerWPF.csproj", "{47205205-AA5E-44D1-97FB-6950C11BBD76}"
EndProject
Project("{FAE04EC0-301F-11D3-BF4B-00C04F79EFBC}") = "PictureManagerWPF.UnitTests", "PictureManagerWPF.UnitTests\PictureManagerWPF.UnitTests.csproj", "{1EFCC5B2-C7B5-4FF8-AA06-B67CBA6A89BA}"
EndProject
Project("{FAE04EC0-301F-11D3-BF4B-00C04F79EFBC}") = "SimpleDB", "SimpleDB\SimpleDB.csproj", "{4FA81047-F292-421A-924B-C085A383D740}"
EndProject
Project("{FAE04EC0-301F-11D3-BF4B-00C04F79EFBC}") = "PictureManager.Domain", "PictureManager.Domain\PictureManager.Domain.csproj", "{69B135E7-8722-45ED-9F48-C769CD60B0FE}"
EndProject
Global
	GlobalSection(SolutionConfigurationPlatforms) = preSolution
		Debug|Any CPU = Debug|Any CPU
		Release|Any CPU = Release|Any CPU
	EndGlobalSection
	GlobalSection(ProjectConfigurationPlatforms) = postSolution
		{47205205-AA5E-44D1-97FB-6950C11BBD76}.Debug|Any CPU.ActiveCfg = Debug|Any CPU
		{47205205-AA5E-44D1-97FB-6950C11BBD76}.Debug|Any CPU.Build.0 = Debug|Any CPU
		{47205205-AA5E-44D1-97FB-6950C11BBD76}.Release|Any CPU.ActiveCfg = Release|Any CPU
		{47205205-AA5E-44D1-97FB-6950C11BBD76}.Release|Any CPU.Build.0 = Release|Any CPU
		{1EFCC5B2-C7B5-4FF8-AA06-B67CBA6A89BA}.Debug|Any CPU.ActiveCfg = Debug|Any CPU
		{1EFCC5B2-C7B5-4FF8-AA06-B67CBA6A89BA}.Debug|Any CPU.Build.0 = Debug|Any CPU
		{1EFCC5B2-C7B5-4FF8-AA06-B67CBA6A89BA}.Release|Any CPU.ActiveCfg = Release|Any CPU
		{1EFCC5B2-C7B5-4FF8-AA06-B67CBA6A89BA}.Release|Any CPU.Build.0 = Release|Any CPU
		{4FA81047-F292-421A-924B-C085A383D740}.Debug|Any CPU.ActiveCfg = Debug|Any CPU
		{4FA81047-F292-421A-924B-C085A383D740}.Debug|Any CPU.Build.0 = Debug|Any CPU
		{4FA81047-F292-421A-924B-C085A383D740}.Release|Any CPU.ActiveCfg = Release|Any CPU
		{4FA81047-F292-421A-924B-C085A383D740}.Release|Any CPU.Build.0 = Release|Any CPU
		{69B135E7-8722-45ED-9F48-C769CD60B0FE}.Debug|Any CPU.ActiveCfg = Debug|Any CPU
		{69B135E7-8722-45ED-9F48-C769CD60B0FE}.Debug|Any CPU.Build.0 = Debug|Any CPU
		{69B135E7-8722-45ED-9F48-C769CD60B0FE}.Release|Any CPU.ActiveCfg = Release|Any CPU
		{69B135E7-8722-45ED-9F48-C769CD60B0FE}.Release|Any CPU.Build.0 = Release|Any CPU
	EndGlobalSection
	GlobalSection(SolutionProperties) = preSolution
		HideSolutionNode = FALSE
	EndGlobalSection
	GlobalSection(ExtensibilityGlobals) = postSolution
		SolutionGuid = {C456C484-3702-4A0E-9458-46475FC39272}
	EndGlobalSection
EndGlobal
